
Microsoft Visual Studio Solution File, Format Version 12.00
# Visual Studio Version 16
VisualStudioVersion = 16.0.31129.286
MinimumVisualStudioVersion = 10.0.40219.1
Project("{9A19103F-16F7-4668-BE54-9A1E7A4F7556}") = "AplicacaoMVC", "AplicacaoMVC\AplicacaoMVC.csproj", "{00974644-0798-4F4D-B567-77E386F03887}"
EndProject
Project("{9A19103F-16F7-4668-BE54-9A1E7A4F7556}") = "AplicacaoApi", "AplicacaoApi\AplicacaoApi.csproj", "{96C36C2B-8C7A-44D7-B98E-CBCF5679D462}"
EndProject
Project("{9A19103F-16F7-4668-BE54-9A1E7A4F7556}") = "AplicacaoTest", "AplicacaoTest\AplicacaoTest.csproj", "{AF0B140A-0ECA-4F2E-B999-BFC4935783C7}"
EndProject
Global
	GlobalSection(SolutionConfigurationPlatforms) = preSolution
		Debug|Any CPU = Debug|Any CPU
		Release|Any CPU = Release|Any CPU
	EndGlobalSection
	GlobalSection(ProjectConfigurationPlatforms) = postSolution
		{00974644-0798-4F4D-B567-77E386F03887}.Debug|Any CPU.ActiveCfg = Debug|Any CPU
		{00974644-0798-4F4D-B567-77E386F03887}.Debug|Any CPU.Build.0 = Debug|Any CPU
		{00974644-0798-4F4D-B567-77E386F03887}.Release|Any CPU.ActiveCfg = Release|Any CPU
		{00974644-0798-4F4D-B567-77E386F03887}.Release|Any CPU.Build.0 = Release|Any CPU
		{96C36C2B-8C7A-44D7-B98E-CBCF5679D462}.Debug|Any CPU.ActiveCfg = Debug|Any CPU
		{96C36C2B-8C7A-44D7-B98E-CBCF5679D462}.Debug|Any CPU.Build.0 = Debug|Any CPU
		{96C36C2B-8C7A-44D7-B98E-CBCF5679D462}.Release|Any CPU.ActiveCfg = Release|Any CPU
		{96C36C2B-8C7A-44D7-B98E-CBCF5679D462}.Release|Any CPU.Build.0 = Release|Any CPU
		{AF0B140A-0ECA-4F2E-B999-BFC4935783C7}.Debug|Any CPU.ActiveCfg = Debug|Any CPU
		{AF0B140A-0ECA-4F2E-B999-BFC4935783C7}.Debug|Any CPU.Build.0 = Debug|Any CPU
		{AF0B140A-0ECA-4F2E-B999-BFC4935783C7}.Release|Any CPU.ActiveCfg = Release|Any CPU
		{AF0B140A-0ECA-4F2E-B999-BFC4935783C7}.Release|Any CPU.Build.0 = Release|Any CPU
	EndGlobalSection
	GlobalSection(SolutionProperties) = preSolution
		HideSolutionNode = FALSE
	EndGlobalSection
	GlobalSection(ExtensibilityGlobals) = postSolution
		SolutionGuid = {E22A0775-1F37-40BA-9E01-290A1509DC93}
	EndGlobalSection
EndGlobal
